
Microsoft Visual Studio Solution File, Format Version 12.00
# Visual Studio Version 16
VisualStudioVersion = 16.0.30413.136
MinimumVisualStudioVersion = 10.0.40219.1
Project("{FAE04EC0-301F-11D3-BF4B-00C04F79EFBC}") = "files_project", "files_project.csproj", "{DEE85BEA-28DF-4CFA-AED8-E4F7777C6F85}"
EndProject
Global
	GlobalSection(SolutionConfigurationPlatforms) = preSolution
		Debug|Any CPU = Debug|Any CPU
		Release|Any CPU = Release|Any CPU
	EndGlobalSection
	GlobalSection(ProjectConfigurationPlatforms) = postSolution
		{DEE85BEA-28DF-4CFA-AED8-E4F7777C6F85}.Debug|Any CPU.ActiveCfg = Debug|Any CPU
		{DEE85BEA-28DF-4CFA-AED8-E4F7777C6F85}.Debug|Any CPU.Build.0 = Debug|Any CPU
		{DEE85BEA-28DF-4CFA-AED8-E4F7777C6F85}.Release|Any CPU.ActiveCfg = Release|Any CPU
		{DEE85BEA-28DF-4CFA-AED8-E4F7777C6F85}.Release|Any CPU.Build.0 = Release|Any CPU
	EndGlobalSection
	GlobalSection(SolutionProperties) = preSolution
		HideSolutionNode = FALSE
	EndGlobalSection
	GlobalSection(ExtensibilityGlobals) = postSolution
		SolutionGuid = {2096ADED-B770-4209-AF86-3AB27D1C1E70}
	EndGlobalSection
EndGlobal
